<?xml version="1.0" encoding="UTF-8" standalone="yes" ?>
<CodeBlocks_project_file>
	<FileVersion major="1" minor="6" />
	<Project>
		<Option title="Holiday-Lights" />
		<Option pch_mode="2" />
		<Option compiler="gcc" />
		<Build>
			<Target title="Debug">
				<Option output="bin/Debug/HolidayLights" prefix_auto="1" extension_auto="1" />
				<Option object_output="obj/Debug/" />
				<Option type="1" />
				<Option compiler="gcc" />
				<Option parameters="--start 5" />
				<Compiler>
					<Add option="-g" />
				</Compiler>
			</Target>
			<Target title="Release">
				<Option output="bin/Release/HolidayLights" prefix_auto="1" extension_auto="1" />
				<Option object_output="obj/Release/" />
				<Option type="1" />
				<Option compiler="gcc" />
				<Compiler>
					<Add option="-O2" />
				</Compiler>
				<Linker>
					<Add option="-s" />
				</Linker>
			</Target>
		</Build>
		<Compiler>
			<Add option="-Wall" />
		</Compiler>
		<Linker>
			<Add option="-lsfml-audio" />
			<Add option="-lsfml-network" />
			<Add option="-lsfml-system" />
			<Add option="-lsqlite3" />
			<Add option="-lmenu" />
			<Add option="-lncurses" />
			<Add option="-lcdk" />
			<Add option="-lsndfile" />
		</Linker>
		<Unit filename="Defaults.hpp" />
		<Unit filename="SQL_CMDS.hpp" />
		<Unit filename="include/Admin.hpp" />
		<Unit filename="include/Gui.hpp" />
		<Unit filename="include/HolidayLights.hpp" />
		<Unit filename="include/Synthesis.hpp" />
		<Unit filename="main.cpp" />
		<Unit filename="src/Gui.cpp" />
		<Unit filename="src/HolidayLights.cpp" />
		<Unit filename="src/Synthesis.cpp" />
		<Unit filename="src/admin.cpp" />
		<Extensions>
			<code_completion />
			<envvars />
			<lib_finder disable_auto="1" />
			<debugger />
			<DoxyBlocks>
				<comment_style block="0" line="1" />
				<doxyfile_project />
				<doxyfile_build />
				<doxyfile_warnings />
				<doxyfile_output />
				<doxyfile_dot />
				<general />
			</DoxyBlocks>
		</Extensions>
	</Project>
</CodeBlocks_project_file>
